
Microsoft Visual Studio Solution File, Format Version 12.00
# Visual Studio 15
VisualStudioVersion = 15.0.27130.2036
MinimumVisualStudioVersion = 10.0.40219.1
Project("{FAE04EC0-301F-11D3-BF4B-00C04F79EFBC}") = "Wpf_DataViewer", "Wpf_DataViewer\Wpf_DataViewer.csproj", "{FDC227F9-2563-42EF-9D56-110C797C2E33}"
EndProject
Global
	GlobalSection(SolutionConfigurationPlatforms) = preSolution
		Debug|Any CPU = Debug|Any CPU
		Release|Any CPU = Release|Any CPU
	EndGlobalSection
	GlobalSection(ProjectConfigurationPlatforms) = postSolution
		{FDC227F9-2563-42EF-9D56-110C797C2E33}.Debug|Any CPU.ActiveCfg = Debug|Any CPU
		{FDC227F9-2563-42EF-9D56-110C797C2E33}.Debug|Any CPU.Build.0 = Debug|Any CPU
		{FDC227F9-2563-42EF-9D56-110C797C2E33}.Release|Any CPU.ActiveCfg = Release|Any CPU
		{FDC227F9-2563-42EF-9D56-110C797C2E33}.Release|Any CPU.Build.0 = Release|Any CPU
	EndGlobalSection
	GlobalSection(SolutionProperties) = preSolution
		HideSolutionNode = FALSE
	EndGlobalSection
	GlobalSection(ExtensibilityGlobals) = postSolution
		SolutionGuid = {A1694B6C-5434-4264-A180-F4C206DEDF45}
	EndGlobalSection
EndGlobal
